
Microsoft Visual Studio Solution File, Format Version 12.00
# Visual Studio 15
VisualStudioVersion = 15.0.26403.7
MinimumVisualStudioVersion = 10.0.40219.1
Project("{FAE04EC0-301F-11D3-BF4B-00C04F79EFBC}") = "DL.GuildWars2Api", "DL.GuildWars2Api\DL.GuildWars2Api.csproj", "{D849CA78-3CED-4D56-A056-B21066A82B5D}"
EndProject
Project("{FAE04EC0-301F-11D3-BF4B-00C04F79EFBC}") = "DL.GuildWars2Api.Tests", "DL.GuildWars2Api.Tests\DL.GuildWars2Api.Tests.csproj", "{18A3D6D0-BBCB-49F7-8801-C3D8F8EAEB33}"
EndProject
Global
	GlobalSection(SolutionConfigurationPlatforms) = preSolution
		Debug|Any CPU = Debug|Any CPU
		Release|Any CPU = Release|Any CPU
	EndGlobalSection
	GlobalSection(ProjectConfigurationPlatforms) = postSolution
		{D849CA78-3CED-4D56-A056-B21066A82B5D}.Debug|Any CPU.ActiveCfg = Debug|Any CPU
		{D849CA78-3CED-4D56-A056-B21066A82B5D}.Debug|Any CPU.Build.0 = Debug|Any CPU
		{D849CA78-3CED-4D56-A056-B21066A82B5D}.Release|Any CPU.ActiveCfg = Release|Any CPU
		{D849CA78-3CED-4D56-A056-B21066A82B5D}.Release|Any CPU.Build.0 = Release|Any CPU
		{18A3D6D0-BBCB-49F7-8801-C3D8F8EAEB33}.Debug|Any CPU.ActiveCfg = Debug|Any CPU
		{18A3D6D0-BBCB-49F7-8801-C3D8F8EAEB33}.Debug|Any CPU.Build.0 = Debug|Any CPU
		{18A3D6D0-BBCB-49F7-8801-C3D8F8EAEB33}.Release|Any CPU.ActiveCfg = Release|Any CPU
		{18A3D6D0-BBCB-49F7-8801-C3D8F8EAEB33}.Release|Any CPU.Build.0 = Release|Any CPU
	EndGlobalSection
	GlobalSection(SolutionProperties) = preSolution
		HideSolutionNode = FALSE
	EndGlobalSection
EndGlobal
