
Microsoft Visual Studio Solution File, Format Version 12.00
# Visual Studio 15
VisualStudioVersion = 15.0.26730.15
MinimumVisualStudioVersion = 10.0.40219.1
Project("{9A19103F-16F7-4668-BE54-9A1E7A4F7556}") = "DL.GuildWars2Api", "DL.GuildWars2Api\DL.GuildWars2Api.csproj", "{42D83CBB-9876-4545-8205-AB90F2D34765}"
EndProject
Project("{FAE04EC0-301F-11D3-BF4B-00C04F79EFBC}") = "DL.GuildWars2Api.Tests", "DL.GuildWars2Api.Tests\DL.GuildWars2Api.Tests.csproj", "{C0996275-2E17-4A5C-A3CC-068AB9F17A82}"
EndProject
Global
	GlobalSection(SolutionConfigurationPlatforms) = preSolution
		Debug|Any CPU = Debug|Any CPU
		Release|Any CPU = Release|Any CPU
	EndGlobalSection
	GlobalSection(ProjectConfigurationPlatforms) = postSolution
		{42D83CBB-9876-4545-8205-AB90F2D34765}.Debug|Any CPU.ActiveCfg = Debug|Any CPU
		{42D83CBB-9876-4545-8205-AB90F2D34765}.Debug|Any CPU.Build.0 = Debug|Any CPU
		{42D83CBB-9876-4545-8205-AB90F2D34765}.Release|Any CPU.ActiveCfg = Release|Any CPU
		{42D83CBB-9876-4545-8205-AB90F2D34765}.Release|Any CPU.Build.0 = Release|Any CPU
		{C0996275-2E17-4A5C-A3CC-068AB9F17A82}.Debug|Any CPU.ActiveCfg = Debug|Any CPU
		{C0996275-2E17-4A5C-A3CC-068AB9F17A82}.Debug|Any CPU.Build.0 = Debug|Any CPU
		{C0996275-2E17-4A5C-A3CC-068AB9F17A82}.Release|Any CPU.ActiveCfg = Release|Any CPU
		{C0996275-2E17-4A5C-A3CC-068AB9F17A82}.Release|Any CPU.Build.0 = Release|Any CPU
	EndGlobalSection
	GlobalSection(SolutionProperties) = preSolution
		HideSolutionNode = FALSE
	EndGlobalSection
	GlobalSection(ExtensibilityGlobals) = postSolution
		SolutionGuid = {B89E5B80-E919-4B23-B31A-E598147AE608}
	EndGlobalSection
EndGlobal
